
Microsoft Visual Studio Solution File, Format Version 12.00
# Visual Studio Version 16
VisualStudioVersion = 16.0.30225.117
MinimumVisualStudioVersion = 10.0.40219.1
Project("{9A19103F-16F7-4668-BE54-9A1E7A4F7556}") = "Voxel.MiddyNet", "src\Voxel.MiddyNet\Voxel.MiddyNet.csproj", "{32031CD7-A5CE-4C42-9F4A-4D28550C7144}"
EndProject
Project("{9A19103F-16F7-4668-BE54-9A1E7A4F7556}") = "Voxel.MiddyNet.SSM", "src\Voxel.MiddyNet.SSM\Voxel.MiddyNet.SSM.csproj", "{F987185E-B537-494B-8B1A-F17F24F9FB08}"
EndProject
Project("{2150E333-8FDC-42A3-9474-1A3956D46DE8}") = "Middlewares", "Middlewares", "{202D1DF0-62D6-4006-99DC-BBFBE59428B1}"
EndProject
Project("{9A19103F-16F7-4668-BE54-9A1E7A4F7556}") = "Voxel.MiddyNet.Tests", "test\Voxel.MiddyNet.Tests\Voxel.MiddyNet.Tests.csproj", "{ECBAEEC0-38E9-4423-B141-50BF5F3F1B53}"
EndProject
Project("{9A19103F-16F7-4668-BE54-9A1E7A4F7556}") = "Voxel.MiddyNet.SSM.Tests", "test\Voxel.MiddyNet.SSM.Tests\Voxel.MiddyNet.SSM.Tests.csproj", "{D74B9EF4-4B97-4D2C-B1E6-38D06CDEC157}"
EndProject
Project("{9A19103F-16F7-4668-BE54-9A1E7A4F7556}") = "Voxel.MiddyNet.Tracing.Core", "src\Voxel.MiddyNet.Tracing.Core\Voxel.MiddyNet.Tracing.Core.csproj", "{DD2A5A54-06C7-4945-A17A-6A7D8B7A6E66}"
EndProject
Project("{9A19103F-16F7-4668-BE54-9A1E7A4F7556}") = "Voxel.MiddyNet.Tracing.Core.Tests", "test\Voxel.MiddyNet.Tracing.Core.Tests\Voxel.MiddyNet.Tracing.Core.Tests.csproj", "{A8BB5D3F-C32F-43BB-B0AB-03A7E83C3519}"
EndProject
Project("{2150E333-8FDC-42A3-9474-1A3956D46DE8}") = "Tracing", "Tracing", "{D204572D-6B0A-4C3A-86D3-2B9C71346490}"
EndProject
Project("{9A19103F-16F7-4668-BE54-9A1E7A4F7556}") = "Voxel.MiddyNet.Tracing.SNS", "src\Voxel.MiddyNet.Tracing.SNS\Voxel.MiddyNet.Tracing.SNS.csproj", "{9322166A-6C2C-4121-9567-2C7CD98FA08D}"
EndProject
Project("{9A19103F-16F7-4668-BE54-9A1E7A4F7556}") = "Voxel.MiddyNet.Tracing.SNSMiddleware", "src\Voxel.MiddyNet.Tracing.SNSMiddleware\Voxel.MiddyNet.Tracing.SNSMiddleware.csproj", "{2280E5EB-9E68-4B74-9263-0C3D3390B464}"
EndProject
Project("{9A19103F-16F7-4668-BE54-9A1E7A4F7556}") = "Voxel.MiddyNet.Tracing.SNSMiddleware.Tests", "test\Voxel.MiddyNet.Tracing.SNSMiddleware.Tests\Voxel.MiddyNet.Tracing.SNSMiddleware.Tests.csproj", "{7451BB47-7C57-4B03-8E88-FE7E8F1B4852}"
EndProject
Project("{9A19103F-16F7-4668-BE54-9A1E7A4F7556}") = "Voxel.MiddyNet.Tracing.ApiGatewayMiddleware", "src\Voxel.MiddyNet.Tracing.ApiGatewayMiddleware\Voxel.MiddyNet.Tracing.ApiGatewayMiddleware.csproj", "{137C5D50-2679-408D-898B-B801E1D2EF2C}"
EndProject
Project("{9A19103F-16F7-4668-BE54-9A1E7A4F7556}") = "Voxel.MiddyNet.Tracing.ApiGatewayMiddleware.Tests", "test\Voxel.MiddyNet.Tracing.ApiGatewayMiddleware.Tests\Voxel.MiddyNet.Tracing.ApiGatewayMiddleware.Tests.csproj", "{821198ED-C6FB-4DEE-8446-31D56B9E0689}"
EndProject
Project("{9A19103F-16F7-4668-BE54-9A1E7A4F7556}") = "Voxel.MiddyNet.Tracing.SQSMiddleware", "src\Voxel.MiddyNet.Tracing.SQSMiddleware\Voxel.MiddyNet.Tracing.SQSMiddleware.csproj", "{FFF68015-13F8-42AA-9866-0606638ABB24}"
EndProject
Project("{9A19103F-16F7-4668-BE54-9A1E7A4F7556}") = "Voxel.MiddyNet.Tracing.SQSMiddleware.Tests", "test\Voxel.MiddyNet.Tracing.SQSMiddleware.Tests\Voxel.MiddyNet.Tracing.SQSMiddleware.Tests.csproj", "{7F4369B3-0189-4D74-B095-4FEA608476E5}"
EndProject
Project("{2150E333-8FDC-42A3-9474-1A3956D46DE8}") = "Samples", "Samples", "{B07FEFF7-B407-4792-8C6B-B6D0CC8626D4}"
EndProject
Project("{2150E333-8FDC-42A3-9474-1A3956D46DE8}") = "SNSTracing", "SNSTracing", "{D40F9889-778B-47F1-8B7C-F5109755B328}"
EndProject
Project("{9A19103F-16F7-4668-BE54-9A1E7A4F7556}") = "Voxel.MiddyNet.SNSTracingSample", "samples\SNSTracing\Voxel.MiddyNet.SNSTracingSample\Voxel.MiddyNet.SNSTracingSample.csproj", "{4DAFC7C9-1530-4D0A-80ED-EC82697C2960}"
EndProject
Project("{2150E333-8FDC-42A3-9474-1A3956D46DE8}") = "SQSTracing", "SQSTracing", "{26E7F028-6A6A-4C9A-BF23-ECD9E9FF5956}"
EndProject
Project("{9A19103F-16F7-4668-BE54-9A1E7A4F7556}") = "Voxel.MiddyNet.SQSTracingSample", "samples\SQSTracing\Voxel.MiddyNet.SQSTracingSample\Voxel.MiddyNet.SQSTracingSample.csproj", "{D0BB25EE-3326-4941-96BE-99922BC4A48E}"
EndProject
Project("{9A19103F-16F7-4668-BE54-9A1E7A4F7556}") = "Voxel.MiddyNet.HttpCors", "src\Voxel.MiddyNet.HttpCorsMiddleware\Voxel.MiddyNet.HttpCors.csproj", "{85D83A71-7201-40DB-8D1E-9ABBA4B754D6}"
EndProject
Project("{9A19103F-16F7-4668-BE54-9A1E7A4F7556}") = "Voxel.MiddyNet.HttpCors.Tests", "test\Voxel.MiddyNet.HttpCorsMiddleware.Tests\Voxel.MiddyNet.HttpCors.Tests.csproj", "{363B2095-FBDF-43C1-A9FE-2623BF7166C4}"
EndProject
Project("{2150E333-8FDC-42A3-9474-1A3956D46DE8}") = "HttpCors", "HttpCors", "{3F5F443F-6AED-4435-8FFF-660B48B37388}"
EndProject
Project("{9A19103F-16F7-4668-BE54-9A1E7A4F7556}") = "Voxel.MiddyNet.HttpCorsSample", "samples\HttpCors\Voxel.MiddyNet.HttpCorsSample\Voxel.MiddyNet.HttpCorsSample.csproj", "{AE20C006-93B7-4EBD-8F73-F828F7B05D92}"
EndProject
Project("{2150E333-8FDC-42A3-9474-1A3956D46DE8}") = "ApiGatewayTracing", "ApiGatewayTracing", "{C145A545-25D0-4C1F-8F64-AF3DBDFEB1DB}"
EndProject
Project("{9A19103F-16F7-4668-BE54-9A1E7A4F7556}") = "Voxel.MiddyNet.ApiGatewayTracingSample", "samples\ApiGatewayTracing\Voxel.MiddyNet.ApiGatewayTracingSample\Voxel.MiddyNet.ApiGatewayTracingSample.csproj", "{AE394947-01C4-4E6C-8ED8-C04C633030D9}"
EndProject
Project("{9A19103F-16F7-4668-BE54-9A1E7A4F7556}") = "Voxel.MiddyNet.Tracing.SQS", "src\Voxel.MiddyNet.Tracing.SQS\Voxel.MiddyNet.Tracing.SQS.csproj", "{C28E1CE5-B2DB-4F94-B93C-B4660C9B87CC}"
EndProject
Project("{9A19103F-16F7-4668-BE54-9A1E7A4F7556}") = "Voxel.MiddyNet.Tracing.SQS.Tests", "test\Voxel.MiddyNet.Tracing.SQS.Tests\Voxel.MiddyNet.Tracing.SQS.Tests.csproj", "{655FCA46-3E57-4FF8-999B-4CB765FEDB1F}"
EndProject
Project("{2150E333-8FDC-42A3-9474-1A3956D46DE8}") = "ApiGatewayHttpApiV2Tracing", "ApiGatewayHttpApiV2Tracing", "{37F8D065-90D3-4B6A-8B1B-09FAACEF2E04}"
EndProject
Project("{9A19103F-16F7-4668-BE54-9A1E7A4F7556}") = "Voxel.MiddyNet.HttpApiV2TracingSample", "samples\ApiGatewayHttpApiV2Tracing\Voxel.MiddyNet.HttpApiV2TracingSample\Voxel.MiddyNet.HttpApiV2TracingSample.csproj", "{56C54B95-4721-470D-81BD-E62BA51006F9}"
EndProject
Global
	GlobalSection(SolutionConfigurationPlatforms) = preSolution
		Debug|Any CPU = Debug|Any CPU
		Release|Any CPU = Release|Any CPU
	EndGlobalSection
	GlobalSection(ProjectConfigurationPlatforms) = postSolution
		{32031CD7-A5CE-4C42-9F4A-4D28550C7144}.Debug|Any CPU.ActiveCfg = Debug|Any CPU
		{32031CD7-A5CE-4C42-9F4A-4D28550C7144}.Debug|Any CPU.Build.0 = Debug|Any CPU
		{32031CD7-A5CE-4C42-9F4A-4D28550C7144}.Release|Any CPU.ActiveCfg = Release|Any CPU
		{32031CD7-A5CE-4C42-9F4A-4D28550C7144}.Release|Any CPU.Build.0 = Release|Any CPU
		{F987185E-B537-494B-8B1A-F17F24F9FB08}.Debug|Any CPU.ActiveCfg = Debug|Any CPU
		{F987185E-B537-494B-8B1A-F17F24F9FB08}.Debug|Any CPU.Build.0 = Debug|Any CPU
		{F987185E-B537-494B-8B1A-F17F24F9FB08}.Release|Any CPU.ActiveCfg = Release|Any CPU
		{F987185E-B537-494B-8B1A-F17F24F9FB08}.Release|Any CPU.Build.0 = Release|Any CPU
		{ECBAEEC0-38E9-4423-B141-50BF5F3F1B53}.Debug|Any CPU.ActiveCfg = Debug|Any CPU
		{ECBAEEC0-38E9-4423-B141-50BF5F3F1B53}.Debug|Any CPU.Build.0 = Debug|Any CPU
		{ECBAEEC0-38E9-4423-B141-50BF5F3F1B53}.Release|Any CPU.ActiveCfg = Release|Any CPU
		{ECBAEEC0-38E9-4423-B141-50BF5F3F1B53}.Release|Any CPU.Build.0 = Release|Any CPU
		{D74B9EF4-4B97-4D2C-B1E6-38D06CDEC157}.Debug|Any CPU.ActiveCfg = Debug|Any CPU
		{D74B9EF4-4B97-4D2C-B1E6-38D06CDEC157}.Debug|Any CPU.Build.0 = Debug|Any CPU
		{D74B9EF4-4B97-4D2C-B1E6-38D06CDEC157}.Release|Any CPU.ActiveCfg = Release|Any CPU
		{D74B9EF4-4B97-4D2C-B1E6-38D06CDEC157}.Release|Any CPU.Build.0 = Release|Any CPU
		{DD2A5A54-06C7-4945-A17A-6A7D8B7A6E66}.Debug|Any CPU.ActiveCfg = Debug|Any CPU
		{DD2A5A54-06C7-4945-A17A-6A7D8B7A6E66}.Debug|Any CPU.Build.0 = Debug|Any CPU
		{DD2A5A54-06C7-4945-A17A-6A7D8B7A6E66}.Release|Any CPU.ActiveCfg = Release|Any CPU
		{DD2A5A54-06C7-4945-A17A-6A7D8B7A6E66}.Release|Any CPU.Build.0 = Release|Any CPU
		{A8BB5D3F-C32F-43BB-B0AB-03A7E83C3519}.Debug|Any CPU.ActiveCfg = Debug|Any CPU
		{A8BB5D3F-C32F-43BB-B0AB-03A7E83C3519}.Debug|Any CPU.Build.0 = Debug|Any CPU
		{A8BB5D3F-C32F-43BB-B0AB-03A7E83C3519}.Release|Any CPU.ActiveCfg = Release|Any CPU
		{A8BB5D3F-C32F-43BB-B0AB-03A7E83C3519}.Release|Any CPU.Build.0 = Release|Any CPU
		{9322166A-6C2C-4121-9567-2C7CD98FA08D}.Debug|Any CPU.ActiveCfg = Debug|Any CPU
		{9322166A-6C2C-4121-9567-2C7CD98FA08D}.Debug|Any CPU.Build.0 = Debug|Any CPU
		{9322166A-6C2C-4121-9567-2C7CD98FA08D}.Release|Any CPU.ActiveCfg = Release|Any CPU
		{9322166A-6C2C-4121-9567-2C7CD98FA08D}.Release|Any CPU.Build.0 = Release|Any CPU
		{2280E5EB-9E68-4B74-9263-0C3D3390B464}.Debug|Any CPU.ActiveCfg = Debug|Any CPU
		{2280E5EB-9E68-4B74-9263-0C3D3390B464}.Debug|Any CPU.Build.0 = Debug|Any CPU
		{2280E5EB-9E68-4B74-9263-0C3D3390B464}.Release|Any CPU.ActiveCfg = Release|Any CPU
		{2280E5EB-9E68-4B74-9263-0C3D3390B464}.Release|Any CPU.Build.0 = Release|Any CPU
		{7451BB47-7C57-4B03-8E88-FE7E8F1B4852}.Debug|Any CPU.ActiveCfg = Debug|Any CPU
		{7451BB47-7C57-4B03-8E88-FE7E8F1B4852}.Debug|Any CPU.Build.0 = Debug|Any CPU
		{7451BB47-7C57-4B03-8E88-FE7E8F1B4852}.Release|Any CPU.ActiveCfg = Release|Any CPU
		{7451BB47-7C57-4B03-8E88-FE7E8F1B4852}.Release|Any CPU.Build.0 = Release|Any CPU
		{137C5D50-2679-408D-898B-B801E1D2EF2C}.Debug|Any CPU.ActiveCfg = Debug|Any CPU
		{137C5D50-2679-408D-898B-B801E1D2EF2C}.Debug|Any CPU.Build.0 = Debug|Any CPU
		{137C5D50-2679-408D-898B-B801E1D2EF2C}.Release|Any CPU.ActiveCfg = Release|Any CPU
		{137C5D50-2679-408D-898B-B801E1D2EF2C}.Release|Any CPU.Build.0 = Release|Any CPU
		{821198ED-C6FB-4DEE-8446-31D56B9E0689}.Debug|Any CPU.ActiveCfg = Debug|Any CPU
		{821198ED-C6FB-4DEE-8446-31D56B9E0689}.Debug|Any CPU.Build.0 = Debug|Any CPU
		{821198ED-C6FB-4DEE-8446-31D56B9E0689}.Release|Any CPU.ActiveCfg = Release|Any CPU
		{821198ED-C6FB-4DEE-8446-31D56B9E0689}.Release|Any CPU.Build.0 = Release|Any CPU
		{FFF68015-13F8-42AA-9866-0606638ABB24}.Debug|Any CPU.ActiveCfg = Debug|Any CPU
		{FFF68015-13F8-42AA-9866-0606638ABB24}.Debug|Any CPU.Build.0 = Debug|Any CPU
		{FFF68015-13F8-42AA-9866-0606638ABB24}.Release|Any CPU.ActiveCfg = Release|Any CPU
		{FFF68015-13F8-42AA-9866-0606638ABB24}.Release|Any CPU.Build.0 = Release|Any CPU
		{7F4369B3-0189-4D74-B095-4FEA608476E5}.Debug|Any CPU.ActiveCfg = Debug|Any CPU
		{7F4369B3-0189-4D74-B095-4FEA608476E5}.Debug|Any CPU.Build.0 = Debug|Any CPU
		{7F4369B3-0189-4D74-B095-4FEA608476E5}.Release|Any CPU.ActiveCfg = Release|Any CPU
		{7F4369B3-0189-4D74-B095-4FEA608476E5}.Release|Any CPU.Build.0 = Release|Any CPU
		{4DAFC7C9-1530-4D0A-80ED-EC82697C2960}.Debug|Any CPU.ActiveCfg = Debug|Any CPU
		{4DAFC7C9-1530-4D0A-80ED-EC82697C2960}.Debug|Any CPU.Build.0 = Debug|Any CPU
		{4DAFC7C9-1530-4D0A-80ED-EC82697C2960}.Release|Any CPU.ActiveCfg = Release|Any CPU
		{4DAFC7C9-1530-4D0A-80ED-EC82697C2960}.Release|Any CPU.Build.0 = Release|Any CPU
		{D0BB25EE-3326-4941-96BE-99922BC4A48E}.Debug|Any CPU.ActiveCfg = Debug|Any CPU
		{D0BB25EE-3326-4941-96BE-99922BC4A48E}.Debug|Any CPU.Build.0 = Debug|Any CPU
		{D0BB25EE-3326-4941-96BE-99922BC4A48E}.Release|Any CPU.ActiveCfg = Release|Any CPU
		{D0BB25EE-3326-4941-96BE-99922BC4A48E}.Release|Any CPU.Build.0 = Release|Any CPU
		{85D83A71-7201-40DB-8D1E-9ABBA4B754D6}.Debug|Any CPU.ActiveCfg = Debug|Any CPU
		{85D83A71-7201-40DB-8D1E-9ABBA4B754D6}.Debug|Any CPU.Build.0 = Debug|Any CPU
		{85D83A71-7201-40DB-8D1E-9ABBA4B754D6}.Release|Any CPU.ActiveCfg = Release|Any CPU
		{85D83A71-7201-40DB-8D1E-9ABBA4B754D6}.Release|Any CPU.Build.0 = Release|Any CPU
		{363B2095-FBDF-43C1-A9FE-2623BF7166C4}.Debug|Any CPU.ActiveCfg = Debug|Any CPU
		{363B2095-FBDF-43C1-A9FE-2623BF7166C4}.Debug|Any CPU.Build.0 = Debug|Any CPU
		{363B2095-FBDF-43C1-A9FE-2623BF7166C4}.Release|Any CPU.ActiveCfg = Release|Any CPU
		{363B2095-FBDF-43C1-A9FE-2623BF7166C4}.Release|Any CPU.Build.0 = Release|Any CPU
		{AE20C006-93B7-4EBD-8F73-F828F7B05D92}.Debug|Any CPU.ActiveCfg = Debug|Any CPU
		{AE20C006-93B7-4EBD-8F73-F828F7B05D92}.Debug|Any CPU.Build.0 = Debug|Any CPU
		{AE20C006-93B7-4EBD-8F73-F828F7B05D92}.Release|Any CPU.ActiveCfg = Release|Any CPU
		{AE20C006-93B7-4EBD-8F73-F828F7B05D92}.Release|Any CPU.Build.0 = Release|Any CPU
		{AE394947-01C4-4E6C-8ED8-C04C633030D9}.Debug|Any CPU.ActiveCfg = Debug|Any CPU
		{AE394947-01C4-4E6C-8ED8-C04C633030D9}.Debug|Any CPU.Build.0 = Debug|Any CPU
		{AE394947-01C4-4E6C-8ED8-C04C633030D9}.Release|Any CPU.ActiveCfg = Release|Any CPU
		{AE394947-01C4-4E6C-8ED8-C04C633030D9}.Release|Any CPU.Build.0 = Release|Any CPU
		{C28E1CE5-B2DB-4F94-B93C-B4660C9B87CC}.Debug|Any CPU.ActiveCfg = Debug|Any CPU
		{C28E1CE5-B2DB-4F94-B93C-B4660C9B87CC}.Debug|Any CPU.Build.0 = Debug|Any CPU
		{C28E1CE5-B2DB-4F94-B93C-B4660C9B87CC}.Release|Any CPU.ActiveCfg = Release|Any CPU
		{C28E1CE5-B2DB-4F94-B93C-B4660C9B87CC}.Release|Any CPU.Build.0 = Release|Any CPU
		{655FCA46-3E57-4FF8-999B-4CB765FEDB1F}.Debug|Any CPU.ActiveCfg = Debug|Any CPU
		{655FCA46-3E57-4FF8-999B-4CB765FEDB1F}.Debug|Any CPU.Build.0 = Debug|Any CPU
		{655FCA46-3E57-4FF8-999B-4CB765FEDB1F}.Release|Any CPU.ActiveCfg = Release|Any CPU
		{655FCA46-3E57-4FF8-999B-4CB765FEDB1F}.Release|Any CPU.Build.0 = Release|Any CPU
		{56C54B95-4721-470D-81BD-E62BA51006F9}.Debug|Any CPU.ActiveCfg = Debug|Any CPU
		{56C54B95-4721-470D-81BD-E62BA51006F9}.Debug|Any CPU.Build.0 = Debug|Any CPU
		{56C54B95-4721-470D-81BD-E62BA51006F9}.Release|Any CPU.ActiveCfg = Release|Any CPU
		{56C54B95-4721-470D-81BD-E62BA51006F9}.Release|Any CPU.Build.0 = Release|Any CPU
	EndGlobalSection
	GlobalSection(SolutionProperties) = preSolution
		HideSolutionNode = FALSE
	EndGlobalSection
	GlobalSection(NestedProjects) = preSolution
		{F987185E-B537-494B-8B1A-F17F24F9FB08} = {202D1DF0-62D6-4006-99DC-BBFBE59428B1}
		{D74B9EF4-4B97-4D2C-B1E6-38D06CDEC157} = {202D1DF0-62D6-4006-99DC-BBFBE59428B1}
		{DD2A5A54-06C7-4945-A17A-6A7D8B7A6E66} = {D204572D-6B0A-4C3A-86D3-2B9C71346490}
		{A8BB5D3F-C32F-43BB-B0AB-03A7E83C3519} = {D204572D-6B0A-4C3A-86D3-2B9C71346490}
		{9322166A-6C2C-4121-9567-2C7CD98FA08D} = {D204572D-6B0A-4C3A-86D3-2B9C71346490}
		{2280E5EB-9E68-4B74-9263-0C3D3390B464} = {202D1DF0-62D6-4006-99DC-BBFBE59428B1}
		{7451BB47-7C57-4B03-8E88-FE7E8F1B4852} = {202D1DF0-62D6-4006-99DC-BBFBE59428B1}
		{137C5D50-2679-408D-898B-B801E1D2EF2C} = {202D1DF0-62D6-4006-99DC-BBFBE59428B1}
		{821198ED-C6FB-4DEE-8446-31D56B9E0689} = {202D1DF0-62D6-4006-99DC-BBFBE59428B1}
		{FFF68015-13F8-42AA-9866-0606638ABB24} = {202D1DF0-62D6-4006-99DC-BBFBE59428B1}
		{7F4369B3-0189-4D74-B095-4FEA608476E5} = {202D1DF0-62D6-4006-99DC-BBFBE59428B1}
		{D40F9889-778B-47F1-8B7C-F5109755B328} = {B07FEFF7-B407-4792-8C6B-B6D0CC8626D4}
		{4DAFC7C9-1530-4D0A-80ED-EC82697C2960} = {D40F9889-778B-47F1-8B7C-F5109755B328}
		{26E7F028-6A6A-4C9A-BF23-ECD9E9FF5956} = {B07FEFF7-B407-4792-8C6B-B6D0CC8626D4}
		{D0BB25EE-3326-4941-96BE-99922BC4A48E} = {26E7F028-6A6A-4C9A-BF23-ECD9E9FF5956}
		{85D83A71-7201-40DB-8D1E-9ABBA4B754D6} = {202D1DF0-62D6-4006-99DC-BBFBE59428B1}
		{363B2095-FBDF-43C1-A9FE-2623BF7166C4} = {202D1DF0-62D6-4006-99DC-BBFBE59428B1}
		{3F5F443F-6AED-4435-8FFF-660B48B37388} = {B07FEFF7-B407-4792-8C6B-B6D0CC8626D4}
		{AE20C006-93B7-4EBD-8F73-F828F7B05D92} = {3F5F443F-6AED-4435-8FFF-660B48B37388}
		{C145A545-25D0-4C1F-8F64-AF3DBDFEB1DB} = {B07FEFF7-B407-4792-8C6B-B6D0CC8626D4}
		{AE394947-01C4-4E6C-8ED8-C04C633030D9} = {C145A545-25D0-4C1F-8F64-AF3DBDFEB1DB}
		{C28E1CE5-B2DB-4F94-B93C-B4660C9B87CC} = {D204572D-6B0A-4C3A-86D3-2B9C71346490}
		{655FCA46-3E57-4FF8-999B-4CB765FEDB1F} = {D204572D-6B0A-4C3A-86D3-2B9C71346490}
		{37F8D065-90D3-4B6A-8B1B-09FAACEF2E04} = {B07FEFF7-B407-4792-8C6B-B6D0CC8626D4}
		{56C54B95-4721-470D-81BD-E62BA51006F9} = {37F8D065-90D3-4B6A-8B1B-09FAACEF2E04}
	EndGlobalSection
	GlobalSection(ExtensibilityGlobals) = postSolution
		SolutionGuid = {EFA347F5-761B-44CF-B6DB-8981387C72B3}
	EndGlobalSection
EndGlobal
