
Microsoft Visual Studio Solution File, Format Version 12.00
# Visual Studio Version 16
VisualStudioVersion = 16.0.30225.117
MinimumVisualStudioVersion = 10.0.40219.1
Project("{9A19103F-16F7-4668-BE54-9A1E7A4F7556}") = "Voxel.MiddyNet", "src\Voxel.MiddyNet\Voxel.MiddyNet.csproj", "{32031CD7-A5CE-4C42-9F4A-4D28550C7144}"
EndProject
Project("{9A19103F-16F7-4668-BE54-9A1E7A4F7556}") = "Voxel.MiddyNet.SSM", "src\Voxel.MiddyNet.SSM\Voxel.MiddyNet.SSM.csproj", "{F987185E-B537-494B-8B1A-F17F24F9FB08}"
EndProject
Project("{2150E333-8FDC-42A3-9474-1A3956D46DE8}") = "Middlewares", "Middlewares", "{202D1DF0-62D6-4006-99DC-BBFBE59428B1}"
EndProject
Project("{9A19103F-16F7-4668-BE54-9A1E7A4F7556}") = "Voxel.MiddyNet.Tests", "test\Voxel.MiddyNet.Tests\Voxel.MiddyNet.Tests.csproj", "{ECBAEEC0-38E9-4423-B141-50BF5F3F1B53}"
EndProject
Project("{9A19103F-16F7-4668-BE54-9A1E7A4F7556}") = "Voxel.MiddyNet.SSM.Tests", "test\Voxel.MiddyNet.SSM.Tests\Voxel.MiddyNet.SSM.Tests.csproj", "{D74B9EF4-4B97-4D2C-B1E6-38D06CDEC157}"
EndProject
Project("{9A19103F-16F7-4668-BE54-9A1E7A4F7556}") = "Voxel.MiddyNet.Tracing.Core", "src\Voxel.MiddyNet.Tracing.Core\Voxel.MiddyNet.Tracing.Core.csproj", "{DD2A5A54-06C7-4945-A17A-6A7D8B7A6E66}"
EndProject
Project("{9A19103F-16F7-4668-BE54-9A1E7A4F7556}") = "Voxel.MiddyNet.Tracing.Core.Tests", "test\Voxel.MiddyNet.Tracing.Core.Tests\Voxel.MiddyNet.Tracing.Core.Tests.csproj", "{A8BB5D3F-C32F-43BB-B0AB-03A7E83C3519}"
EndProject
Project("{2150E333-8FDC-42A3-9474-1A3956D46DE8}") = "Tracing", "Tracing", "{D204572D-6B0A-4C3A-86D3-2B9C71346490}"
EndProject
Project("{FAE04EC0-301F-11D3-BF4B-00C04F79EFBC}") = "Voxel.MiddyNet.Tracing.SNS", "src\Voxel.MiddyNet.Tracing.SNS\Voxel.MiddyNet.Tracing.SNS.csproj", "{9322166A-6C2C-4121-9567-2C7CD98FA08D}"
EndProject
Project("{FAE04EC0-301F-11D3-BF4B-00C04F79EFBC}") = "Voxel.MiddyNet.Tracing.SNSMiddleware", "src\Voxel.MiddyNet.Tracing.SNSMiddleware\Voxel.MiddyNet.Tracing.SNSMiddleware.csproj", "{2280E5EB-9E68-4B74-9263-0C3D3390B464}"
EndProject
Project("{FAE04EC0-301F-11D3-BF4B-00C04F79EFBC}") = "Voxel.MiddyNet.Tracing.SNSMiddleware.Tests", "test\Voxel.MiddyNet.Tracing.SNSMiddleware.Tests\Voxel.MiddyNet.Tracing.SNSMiddleware.Tests.csproj", "{7451BB47-7C57-4B03-8E88-FE7E8F1B4852}"
EndProject
Project("{9A19103F-16F7-4668-BE54-9A1E7A4F7556}") = "Voxel.MiddyNet.Tracing.ApiGatewayMiddleware", "src\Voxel.MiddyNet.Tracing.ApiGatewayMiddleware\Voxel.MiddyNet.Tracing.ApiGatewayMiddleware.csproj", "{137C5D50-2679-408D-898B-B801E1D2EF2C}"
EndProject
Project("{FAE04EC0-301F-11D3-BF4B-00C04F79EFBC}") = "Voxel.MiddyNet.Tracing.ApiGatewayMiddleware.Tests", "test\Voxel.MiddyNet.Tracing.ApiGatewayMiddleware.Tests\Voxel.MiddyNet.Tracing.ApiGatewayMiddleware.Tests.csproj", "{821198ED-C6FB-4DEE-8446-31D56B9E0689}"
EndProject
Global
	GlobalSection(SolutionConfigurationPlatforms) = preSolution
		Debug|Any CPU = Debug|Any CPU
		Release|Any CPU = Release|Any CPU
	EndGlobalSection
	GlobalSection(ProjectConfigurationPlatforms) = postSolution
		{32031CD7-A5CE-4C42-9F4A-4D28550C7144}.Debug|Any CPU.ActiveCfg = Debug|Any CPU
		{32031CD7-A5CE-4C42-9F4A-4D28550C7144}.Debug|Any CPU.Build.0 = Debug|Any CPU
		{32031CD7-A5CE-4C42-9F4A-4D28550C7144}.Release|Any CPU.ActiveCfg = Release|Any CPU
		{32031CD7-A5CE-4C42-9F4A-4D28550C7144}.Release|Any CPU.Build.0 = Release|Any CPU
		{F987185E-B537-494B-8B1A-F17F24F9FB08}.Debug|Any CPU.ActiveCfg = Debug|Any CPU
		{F987185E-B537-494B-8B1A-F17F24F9FB08}.Debug|Any CPU.Build.0 = Debug|Any CPU
		{F987185E-B537-494B-8B1A-F17F24F9FB08}.Release|Any CPU.ActiveCfg = Release|Any CPU
		{F987185E-B537-494B-8B1A-F17F24F9FB08}.Release|Any CPU.Build.0 = Release|Any CPU
		{ECBAEEC0-38E9-4423-B141-50BF5F3F1B53}.Debug|Any CPU.ActiveCfg = Debug|Any CPU
		{ECBAEEC0-38E9-4423-B141-50BF5F3F1B53}.Debug|Any CPU.Build.0 = Debug|Any CPU
		{ECBAEEC0-38E9-4423-B141-50BF5F3F1B53}.Release|Any CPU.ActiveCfg = Release|Any CPU
		{ECBAEEC0-38E9-4423-B141-50BF5F3F1B53}.Release|Any CPU.Build.0 = Release|Any CPU
		{D74B9EF4-4B97-4D2C-B1E6-38D06CDEC157}.Debug|Any CPU.ActiveCfg = Debug|Any CPU
		{D74B9EF4-4B97-4D2C-B1E6-38D06CDEC157}.Debug|Any CPU.Build.0 = Debug|Any CPU
		{D74B9EF4-4B97-4D2C-B1E6-38D06CDEC157}.Release|Any CPU.ActiveCfg = Release|Any CPU
		{D74B9EF4-4B97-4D2C-B1E6-38D06CDEC157}.Release|Any CPU.Build.0 = Release|Any CPU
		{DD2A5A54-06C7-4945-A17A-6A7D8B7A6E66}.Debug|Any CPU.ActiveCfg = Debug|Any CPU
		{DD2A5A54-06C7-4945-A17A-6A7D8B7A6E66}.Debug|Any CPU.Build.0 = Debug|Any CPU
		{DD2A5A54-06C7-4945-A17A-6A7D8B7A6E66}.Release|Any CPU.ActiveCfg = Release|Any CPU
		{DD2A5A54-06C7-4945-A17A-6A7D8B7A6E66}.Release|Any CPU.Build.0 = Release|Any CPU
		{A8BB5D3F-C32F-43BB-B0AB-03A7E83C3519}.Debug|Any CPU.ActiveCfg = Debug|Any CPU
		{A8BB5D3F-C32F-43BB-B0AB-03A7E83C3519}.Debug|Any CPU.Build.0 = Debug|Any CPU
		{A8BB5D3F-C32F-43BB-B0AB-03A7E83C3519}.Release|Any CPU.ActiveCfg = Release|Any CPU
		{A8BB5D3F-C32F-43BB-B0AB-03A7E83C3519}.Release|Any CPU.Build.0 = Release|Any CPU
		{9322166A-6C2C-4121-9567-2C7CD98FA08D}.Debug|Any CPU.ActiveCfg = Debug|Any CPU
		{9322166A-6C2C-4121-9567-2C7CD98FA08D}.Debug|Any CPU.Build.0 = Debug|Any CPU
		{9322166A-6C2C-4121-9567-2C7CD98FA08D}.Release|Any CPU.ActiveCfg = Release|Any CPU
		{9322166A-6C2C-4121-9567-2C7CD98FA08D}.Release|Any CPU.Build.0 = Release|Any CPU
		{2280E5EB-9E68-4B74-9263-0C3D3390B464}.Debug|Any CPU.ActiveCfg = Debug|Any CPU
		{2280E5EB-9E68-4B74-9263-0C3D3390B464}.Debug|Any CPU.Build.0 = Debug|Any CPU
		{2280E5EB-9E68-4B74-9263-0C3D3390B464}.Release|Any CPU.ActiveCfg = Release|Any CPU
		{2280E5EB-9E68-4B74-9263-0C3D3390B464}.Release|Any CPU.Build.0 = Release|Any CPU
		{7451BB47-7C57-4B03-8E88-FE7E8F1B4852}.Debug|Any CPU.ActiveCfg = Debug|Any CPU
		{7451BB47-7C57-4B03-8E88-FE7E8F1B4852}.Debug|Any CPU.Build.0 = Debug|Any CPU
		{7451BB47-7C57-4B03-8E88-FE7E8F1B4852}.Release|Any CPU.ActiveCfg = Release|Any CPU
		{7451BB47-7C57-4B03-8E88-FE7E8F1B4852}.Release|Any CPU.Build.0 = Release|Any CPU
		{137C5D50-2679-408D-898B-B801E1D2EF2C}.Debug|Any CPU.ActiveCfg = Debug|Any CPU
		{137C5D50-2679-408D-898B-B801E1D2EF2C}.Debug|Any CPU.Build.0 = Debug|Any CPU
		{137C5D50-2679-408D-898B-B801E1D2EF2C}.Release|Any CPU.ActiveCfg = Release|Any CPU
		{137C5D50-2679-408D-898B-B801E1D2EF2C}.Release|Any CPU.Build.0 = Release|Any CPU
		{821198ED-C6FB-4DEE-8446-31D56B9E0689}.Debug|Any CPU.ActiveCfg = Debug|Any CPU
		{821198ED-C6FB-4DEE-8446-31D56B9E0689}.Debug|Any CPU.Build.0 = Debug|Any CPU
		{821198ED-C6FB-4DEE-8446-31D56B9E0689}.Release|Any CPU.ActiveCfg = Release|Any CPU
		{821198ED-C6FB-4DEE-8446-31D56B9E0689}.Release|Any CPU.Build.0 = Release|Any CPU
	EndGlobalSection
	GlobalSection(SolutionProperties) = preSolution
		HideSolutionNode = FALSE
	EndGlobalSection
	GlobalSection(NestedProjects) = preSolution
		{F987185E-B537-494B-8B1A-F17F24F9FB08} = {202D1DF0-62D6-4006-99DC-BBFBE59428B1}
		{D74B9EF4-4B97-4D2C-B1E6-38D06CDEC157} = {202D1DF0-62D6-4006-99DC-BBFBE59428B1}
		{DD2A5A54-06C7-4945-A17A-6A7D8B7A6E66} = {D204572D-6B0A-4C3A-86D3-2B9C71346490}
		{A8BB5D3F-C32F-43BB-B0AB-03A7E83C3519} = {D204572D-6B0A-4C3A-86D3-2B9C71346490}
		{9322166A-6C2C-4121-9567-2C7CD98FA08D} = {D204572D-6B0A-4C3A-86D3-2B9C71346490}
		{2280E5EB-9E68-4B74-9263-0C3D3390B464} = {202D1DF0-62D6-4006-99DC-BBFBE59428B1}
		{7451BB47-7C57-4B03-8E88-FE7E8F1B4852} = {202D1DF0-62D6-4006-99DC-BBFBE59428B1}
		{137C5D50-2679-408D-898B-B801E1D2EF2C} = {202D1DF0-62D6-4006-99DC-BBFBE59428B1}
		{821198ED-C6FB-4DEE-8446-31D56B9E0689} = {202D1DF0-62D6-4006-99DC-BBFBE59428B1}
	EndGlobalSection
	GlobalSection(ExtensibilityGlobals) = postSolution
		SolutionGuid = {EFA347F5-761B-44CF-B6DB-8981387C72B3}
	EndGlobalSection
EndGlobal
