
Microsoft Visual Studio Solution File, Format Version 12.00
# Visual Studio Version 16
VisualStudioVersion = 16.0.30225.117
MinimumVisualStudioVersion = 10.0.40219.1
Project("{FAE04EC0-301F-11D3-BF4B-00C04F79EFBC}") = "Voxel.MiddyNet", "src\Voxel.MiddyNet\Voxel.MiddyNet.csproj", "{32031CD7-A5CE-4C42-9F4A-4D28550C7144}"
EndProject
Project("{FAE04EC0-301F-11D3-BF4B-00C04F79EFBC}") = "Voxel.MiddyNet.SSM", "src\Voxel.MiddyNet.SSM\Voxel.MiddyNet.SSM.csproj", "{F987185E-B537-494B-8B1A-F17F24F9FB08}"
EndProject
Project("{2150E333-8FDC-42A3-9474-1A3956D46DE8}") = "Middlewares", "Middlewares", "{202D1DF0-62D6-4006-99DC-BBFBE59428B1}"
EndProject
Project("{FAE04EC0-301F-11D3-BF4B-00C04F79EFBC}") = "Voxel.MiddyNet.Tests", "test\Voxel.MiddyNet.Tests\Voxel.MiddyNet.Tests.csproj", "{ECBAEEC0-38E9-4423-B141-50BF5F3F1B53}"
EndProject
Project("{FAE04EC0-301F-11D3-BF4B-00C04F79EFBC}") = "Voxel.MiddyNet.SSM.Tests", "test\Voxel.MiddyNet.SSM.Tests\Voxel.MiddyNet.SSM.Tests.csproj", "{D74B9EF4-4B97-4D2C-B1E6-38D06CDEC157}"
EndProject
Global
	GlobalSection(SolutionConfigurationPlatforms) = preSolution
		Debug|Any CPU = Debug|Any CPU
		Release|Any CPU = Release|Any CPU
	EndGlobalSection
	GlobalSection(ProjectConfigurationPlatforms) = postSolution
		{32031CD7-A5CE-4C42-9F4A-4D28550C7144}.Debug|Any CPU.ActiveCfg = Debug|Any CPU
		{32031CD7-A5CE-4C42-9F4A-4D28550C7144}.Debug|Any CPU.Build.0 = Debug|Any CPU
		{32031CD7-A5CE-4C42-9F4A-4D28550C7144}.Release|Any CPU.ActiveCfg = Release|Any CPU
		{32031CD7-A5CE-4C42-9F4A-4D28550C7144}.Release|Any CPU.Build.0 = Release|Any CPU
		{F987185E-B537-494B-8B1A-F17F24F9FB08}.Debug|Any CPU.ActiveCfg = Debug|Any CPU
		{F987185E-B537-494B-8B1A-F17F24F9FB08}.Debug|Any CPU.Build.0 = Debug|Any CPU
		{F987185E-B537-494B-8B1A-F17F24F9FB08}.Release|Any CPU.ActiveCfg = Release|Any CPU
		{F987185E-B537-494B-8B1A-F17F24F9FB08}.Release|Any CPU.Build.0 = Release|Any CPU
		{ECBAEEC0-38E9-4423-B141-50BF5F3F1B53}.Debug|Any CPU.ActiveCfg = Debug|Any CPU
		{ECBAEEC0-38E9-4423-B141-50BF5F3F1B53}.Debug|Any CPU.Build.0 = Debug|Any CPU
		{ECBAEEC0-38E9-4423-B141-50BF5F3F1B53}.Release|Any CPU.ActiveCfg = Release|Any CPU
		{ECBAEEC0-38E9-4423-B141-50BF5F3F1B53}.Release|Any CPU.Build.0 = Release|Any CPU
		{D74B9EF4-4B97-4D2C-B1E6-38D06CDEC157}.Debug|Any CPU.ActiveCfg = Debug|Any CPU
		{D74B9EF4-4B97-4D2C-B1E6-38D06CDEC157}.Debug|Any CPU.Build.0 = Debug|Any CPU
		{D74B9EF4-4B97-4D2C-B1E6-38D06CDEC157}.Release|Any CPU.ActiveCfg = Release|Any CPU
		{D74B9EF4-4B97-4D2C-B1E6-38D06CDEC157}.Release|Any CPU.Build.0 = Release|Any CPU
	EndGlobalSection
	GlobalSection(SolutionProperties) = preSolution
		HideSolutionNode = FALSE
	EndGlobalSection
	GlobalSection(NestedProjects) = preSolution
		{F987185E-B537-494B-8B1A-F17F24F9FB08} = {202D1DF0-62D6-4006-99DC-BBFBE59428B1}
		{D74B9EF4-4B97-4D2C-B1E6-38D06CDEC157} = {202D1DF0-62D6-4006-99DC-BBFBE59428B1}
	EndGlobalSection
	GlobalSection(ExtensibilityGlobals) = postSolution
		SolutionGuid = {EFA347F5-761B-44CF-B6DB-8981387C72B3}
	EndGlobalSection
EndGlobal
